<?xml version="1.0" encoding="utf-8"?>
<Project ToolsVersion="4.0" xmlns="http://schemas.microsoft.com/developer/msbuild/2003">
  <ItemGroup>
    <Filter Include="Archivos de origen">
      <UniqueIdentifier>{4FC737F1-C7A5-4376-A066-2A32D752A2FF}</UniqueIdentifier>
      <Extensions>cpp;c;cc;cxx;c++;cppm;ixx;def;odl;idl;hpj;bat;asm;asmx</Extensions>
    </Filter>
    <Filter Include="Archivos de encabezado">
      <UniqueIdentifier>{93995380-89BD-4b04-88EB-625FBE52EBFB}</UniqueIdentifier>
      <Extensions>h;hh;hpp;hxx;h++;hm;inl;inc;ipp;xsd</Extensions>
    </Filter>
    <Filter Include="Archivos de recursos">
      <UniqueIdentifier>{67DA6AB6-F800-4c08-8B7A-83BB121AAD01}</UniqueIdentifier>
      <Extensions>rc;ico;cur;bmp;dlg;rc2;rct;bin;rgs;gif;jpg;jpeg;jpe;resx;tiff;tif;png;wav;mfcribbon-ms</Extensions>
    </Filter>
    <Filter Include="Archivos de encabezado\include">
      <UniqueIdentifier>{9cbc7594-6abc-4f51-93f9-b6e083de77c7}</UniqueIdentifier>
    </Filter>
    <Filter Include="Archivos de recursos\assets">
      <UniqueIdentifier>{505704af-c984-4688-b808-8dcd6d41777d}</UniqueIdentifier>
    </Filter>
    <Filter Include="Archivos de recursos\assets\music">
      <UniqueIdentifier>{4bec4035-1085-4349-bc27-8c52008767dc}</UniqueIdentifier>
    </Filter>
    <Filter Include="Archivos de recursos\assets\SFX">
      <UniqueIdentifier>{e17302b3-5f23-4821-9590-00fba5e184bc}</UniqueIdentifier>
    </Filter>
  </ItemGroup>
  <ItemGroup>
    <ClCompile Include="game.cpp">
      <Filter>Archivos de encabezado</Filter>
    </ClCompile>
    <ClCompile Include="main.cpp">
      <Filter>Archivos de encabezado</Filter>
    </ClCompile>
    <ClCompile Include="menu.cpp">
      <Filter>Archivos de encabezado</Filter>
    </ClCompile>
    <ClCompile Include="pokemon.cpp">
      <Filter>Archivos de encabezado</Filter>
    </ClCompile>
    <ClCompile Include="textura.cpp">
      <Filter>Archivos de encabezado</Filter>
    </ClCompile>
    <ClCompile Include="animations.cpp">
      <Filter>Archivos de encabezado</Filter>
    </ClCompile>
    <ClCompile Include="fonts.cpp">
      <Filter>Archivos de encabezado</Filter>
    </ClCompile>
    <ClCompile Include="audio.cpp">
      <Filter>Archivos de encabezado</Filter>
    </ClCompile>
  </ItemGroup>
  <ItemGroup>
    <ClInclude Include="game.h">
      <Filter>Archivos de encabezado</Filter>
    </ClInclude>
    <ClInclude Include="menu.h">
      <Filter>Archivos de encabezado</Filter>
    </ClInclude>
    <ClInclude Include="pokemon.h">
      <Filter>Archivos de encabezado</Filter>
    </ClInclude>
    <ClInclude Include="resource.h">
      <Filter>Archivos de encabezado</Filter>
    </ClInclude>
    <ClInclude Include="textura.h">
      <Filter>Archivos de encabezado</Filter>
    </ClInclude>
    <ClInclude Include="include\stb_image.h">
      <Filter>Archivos de encabezado\include</Filter>
    </ClInclude>
    <ClInclude Include="animations.h">
      <Filter>Archivos de encabezado</Filter>
    </ClInclude>
    <ClInclude Include="fonts.h">
      <Filter>Archivos de encabezado</Filter>
    </ClInclude>
    <ClInclude Include="audio.h">
      <Filter>Archivos de encabezado</Filter>
    </ClInclude>
  </ItemGroup>
  <ItemGroup>
    <Image Include="assets\back_bulbasaur.png">
      <Filter>Archivos de recursos\assets</Filter>
    </Image>
    <Image Include="assets\back_charmander.png">
      <Filter>Archivos de recursos\assets</Filter>
    </Image>
    <Image Include="assets\back_squirtle.png">
      <Filter>Archivos de recursos\assets</Filter>
    </Image>
    <Image Include="assets\bulbasaur.png">
      <Filter>Archivos de recursos\assets</Filter>
    </Image>
    <Image Include="assets\charmander.png">
      <Filter>Archivos de recursos\assets</Filter>
    </Image>
    <Image Include="assets\squirtle.png">
      <Filter>Archivos de recursos\assets</Filter>
    </Image>
    <Image Include="assets\arrow.png">
      <Filter>Archivos de recursos\assets</Filter>
    </Image>
    <Image Include="assets\background.png">
      <Filter>Archivos de recursos\assets</Filter>
    </Image>
    <Image Include="assets\barrainferior.png">
      <Filter>Archivos de recursos\assets</Filter>
    </Image>
    <Image Include="assets\enemy_hp.png">
      <Filter>Archivos de recursos\assets</Filter>
    </Image>
    <Image Include="assets\menuatq.png">
      <Filter>Archivos de recursos\assets</Filter>
    </Image>
    <Image Include="assets\menuatq2.png">
      <Filter>Archivos de recursos\assets</Filter>
    </Image>
    <Image Include="assets\player_hp.png">
      <Filter>Archivos de recursos\assets</Filter>
    </Image>
    <Image Include="assets\redarrow.png">
      <Filter>Archivos de recursos\assets</Filter>
    </Image>
    <Image Include="assets\background2.png">
      <Filter>Archivos de recursos\assets</Filter>
    </Image>
    <Image Include="assets\frame.png">
      <Filter>Archivos de recursos\assets</Filter>
    </Image>
    <Image Include="assets\background3.png">
      <Filter>Archivos de recursos\assets</Filter>
    </Image>
  </ItemGroup>
  <ItemGroup>
    <Media Include="assets\SFX\pokeball (1).wav">
      <Filter>Archivos de recursos\assets</Filter>
    </Media>
    <Media Include="assets\SFX\pokeball (2).wav">
      <Filter>Archivos de recursos\assets</Filter>
    </Media>
    <Media Include="assets\SFX\pokeball (3).wav">
      <Filter>Archivos de recursos\assets</Filter>
    </Media>
    <Media Include="assets\SFX\pokeball (4).wav">
      <Filter>Archivos de recursos\assets</Filter>
    </Media>
    <Media Include="assets\Music\battle.mp3">
      <Filter>Archivos de recursos\assets\music</Filter>
    </Media>
    <Media Include="assets\Music\victory.mp3">
      <Filter>Archivos de recursos\assets\music</Filter>
    </Media>
    <Media Include="assets\SFX\bajar.wav">
      <Filter>Archivos de recursos\assets\SFX</Filter>
    </Media>
    <Media Include="assets\SFX\bulbdead.wav">
      <Filter>Archivos de recursos\assets\SFX</Filter>
    </Media>
    <Media Include="assets\SFX\chardead.wav">
      <Filter>Archivos de recursos\assets\SFX</Filter>
    </Media>
    <Media Include="assets\SFX\danio.wav">
      <Filter>Archivos de recursos\assets\SFX</Filter>
    </Media>
    <Media Include="assets\SFX\growl.wav">
      <Filter>Archivos de recursos\assets\SFX</Filter>
    </Media>
    <Media Include="assets\SFX\hpbaja.wav">
      <Filter>Archivos de recursos\assets\SFX</Filter>
    </Media>
    <Media Include="assets\SFX\select.wav">
      <Filter>Archivos de recursos\assets\SFX</Filter>
    </Media>
    <Media Include="assets\SFX\sqrtdead.wav">
      <Filter>Archivos de recursos\assets\SFX</Filter>
    </Media>
    <Media Include="assets\SFX\tailwhip.wav">
      <Filter>Archivos de recursos\assets\SFX</Filter>
    </Media>
  </ItemGroup>
</Project>